// !$*UTF8*$!
{
	archiveVersion = 1;
	classes = {
	};
	objectVersion = 46;
	objects = {

/* Begin PBXBuildFile section */
		F9C5369C1C46396800C183D8 /* AppDelegate.swift in Sources */ = {isa = PBXBuildFile; fileRef = F9C5369B1C46396800C183D8 /* AppDelegate.swift */; };
		F9C5369E1C46396800C183D8 /* ViewController.swift in Sources */ = {isa = PBXBuildFile; fileRef = F9C5369D1C46396800C183D8 /* ViewController.swift */; };
		F9C536A11C46396800C183D8 /* Main.storyboard in Resources */ = {isa = PBXBuildFile; fileRef = F9C5369F1C46396800C183D8 /* Main.storyboard */; };
		F9C536A31C46396800C183D8 /* Assets.xcassets in Resources */ = {isa = PBXBuildFile; fileRef = F9C536A21C46396800C183D8 /* Assets.xcassets */; };
		F9C536A61C46396800C183D8 /* LaunchScreen.storyboard in Resources */ = {isa = PBXBuildFile; fileRef = F9C536A41C46396800C183D8 /* LaunchScreen.storyboard */; };
/* End PBXBuildFile section */

/* Begin PBXFileReference section */
		F9C536981C46396800C183D8 /* iTipJar.app */ = {isa = PBXFileReference; explicitFileType = wrapper.application; includeInIndex = 0; path = iTipJar.app; sourceTree = BUILT_PRODUCTS_DIR; };
		F9C5369B1C46396800C183D8 /* AppDelegate.swift */ = {isa = PBXFileReference; lastKnownFileType = sourcecode.swift; path = AppDelegate.swift; sourceTree = "<group>"; };
		F9C5369D1C46396800C183D8 /* ViewController.swift */ = {isa = PBXFileReference; lastKnownFileType = sourcecode.swift; path = ViewController.swift; sourceTree = "<group>"; };
		F9C536A01C46396800C183D8 /* Base */ = {isa = PBXFileReference; lastKnownFileType = file.storyboard; name = Base; path = Base.lproj/Main.storyboard; sourceTree = "<group>"; };
		F9C536A21C46396800C183D8 /* Assets.xcassets */ = {isa = PBXFileReference; lastKnownFileType = folder.assetcatalog; path = Assets.xcassets; sourceTree = "<group>"; };
		F9C536A51C46396800C183D8 /* Base */ = {isa = PBXFileReference; lastKnownFileType = file.storyboard; name = Base; path = Base.lproj/LaunchScreen.storyboard; sourceTree = "<group>"; };
		F9C536A71C46396800C183D8 /* Info.plist */ = {isa = PBXFileReference; lastKnownFileType = text.plist.xml; path = Info.plist; sourceTree = "<group>"; };
/* End PBXFileReference section */

/* Begin PBXFrameworksBuildPhase section */
		F9C536951C46396800C183D8 /* Frameworks */ = {
			isa = PBXFrameworksBuildPhase;
			buildActionMask = 2147483647;
			files = (
			);
			runOnlyForDeploymentPostprocessing = 0;
		};
/* End PBXFrameworksBuildPhase section */

/* Begin PBXGroup section */
		F9C5368F1C46396800C183D8 = {
			isa = PBXGroup;
			children = (
				F9C5369A1C46396800C183D8 /* iTipJar */,
				F9C536991C46396800C183D8 /* Products */,
			);
			sourceTree = "<group>";
		};
		F9C536991C46396800C183D8 /* Products */ = {
			isa = PBXGroup;
			children = (
				F9C536981C46396800C183D8 /* iTipJar.app */,
			);
			name = Products;
			sourceTree = "<group>";
		};
		F9C5369A1C46396800C183D8 /* iTipJar */ = {
			isa = PBXGroup;
			children = (
				F9C5369B1C46396800C183D8 /* AppDelegate.swift */,
				F9C5369D1C46396800C183D8 /* ViewController.swift */,
				F9C5369F1C46396800C183D8 /* Main.storyboard */,
				F9C536A21C46396800C183D8 /* Assets.xcassets */,
				F9C536A41C46396800C183D8 /* LaunchScreen.storyboard */,
				F9C536A71C46396800C183D8 /* Info.plist */,
			);
			path = iTipJar;
			sourceTree = "<group>";
		};
/* End PBXGroup section */

/* Begin PBXNativeTarget section */
		F9C536971C46396800C183D8 /* iTipJar */ = {
			isa = PBXNativeTarget;
			buildConfigurationList = F9C536AA1C46396800C183D8 /* Build configuration list for PBXNativeTarget "iTipJar" */;
			buildPhases = (
				F9C536941C46396800C183D8 /* Sources */,
				F9C536951C46396800C183D8 /* Frameworks */,
				F9C536961C46396800C183D8 /* Resources */,
			);
			buildRules = (
			);
			dependencies = (
			);
			name = iTipJar;
			productName = iTipJar;
			productReference = F9C536981C46396800C183D8 /* iTipJar.app */;
			productType = "com.apple.product-type.application";
		};
/* End PBXNativeTarget section */

/* Begin PBXProject section */
		F9C536901C46396800C183D8 /* Project object */ = {
			isa = PBXProject;
			attributes = {
				LastSwiftUpdateCheck = 0720;
				LastUpgradeCheck = 0720;
				ORGANIZATIONNAME = cy;
				TargetAttributes = {
					F9C536971C46396800C183D8 = {
						CreatedOnToolsVersion = 7.2;
					};
				};
			};
			buildConfigurationList = F9C536931C46396800C183D8 /* Build configuration list for PBXProject "iTipJar" */;
			compatibilityVersion = "Xcode 3.2";
			developmentRegion = English;
			hasScannedForEncodings = 0;
			knownRegions = (
				en,
				Base,
			);
			mainGroup = F9C5368F1C46396800C183D8;
			productRefGroup = F9C536991C46396800C183D8 /* Products */;
			projectDirPath = "";
			projectRoot = "";
			targets = (
				F9C536971C46396800C183D8 /* iTipJar */,
			);
		};
/* End PBXProject section */

/* Begin PBXResourcesBuildPhase section */
		F9C536961C46396800C183D8 /* Resources */ = {
			isa = PBXResourcesBuildPhase;
			buildActionMask = 2147483647;
			files = (
				F9C536A61C46396800C183D8 /* LaunchScreen.storyboard in Resources */,
				F9C536A31C46396800C183D8 /* Assets.xcassets in Resources */,
				F9C536A11C46396800C183D8 /* Main.storyboard in Resources */,
			);
			runOnlyForDeploymentPostprocessing = 0;
		};
/* End PBXResourcesBuildPhase section */

/* Begin PBXSourcesBuildPhase section */
		F9C536941C46396800C183D8 /* Sources */ = {
			isa = PBXSourcesBuildPhase;
			buildActionMask = 2147483647;
			files = (
				F9C5369E1C46396800C183D8 /* ViewController.swift in Sources */,
				F9C5369C1C46396800C183D8 /* AppDelegate.swift in Sources */,
			);
			runOnlyForDeploymentPostprocessing = 0;
		};
/* End PBXSourcesBuildPhase section */

/* Begin PBXVariantGroup section */
		F9C5369F1C46396800C183D8 /* Main.storyboard */ = {
			isa = PBXVariantGroup;
			children = (
				F9C536A01C46396800C183D8 /* Base */,
			);
			name = Main.storyboard;
			sourceTree = "<group>";
		};
		F9C536A41C46396800C183D8 /* LaunchScreen.storyboard */ = {
			isa = PBXVariantGroup;
			children = (
				F9C536A51C46396800C183D8 /* Base */,
			);
			name = LaunchScreen.storyboard;
			sourceTree = "<group>";
		};
/* End PBXVariantGroup section */

/* Begin XCBuildConfiguration section */
		F9C536A81C46396800C183D8 /* Debug */ = {
			isa = XCBuildConfiguration;
			buildSettings = {
				ALWAYS_SEARCH_USER_PATHS = NO;
				CLANG_CXX_LANGUAGE_STANDARD = "gnu++0x";
				CLANG_CXX_LIBRARY = "libc++";
				CLANG_ENABLE_MODULES = YES;
				CLANG_ENABLE_OBJC_ARC = YES;
				CLANG_WARN_BOOL_CONVERSION = YES;
				CLANG_WARN_CONSTANT_CONVERSION = YES;
				CLANG_WARN_DIRECT_OBJC_ISA_USAGE = YES_ERROR;
				CLANG_WARN_EMPTY_BODY = YES;
				CLANG_WARN_ENUM_CONVERSION = YES;
				CLANG_WARN_INT_CONVERSION = YES;
				CLANG_WARN_OBJC_ROOT_CLASS = YES_ERROR;
				CLANG_WARN_UNREACHABLE_CODE = YES;
				CLANG_WARN__DUPLICATE_METHOD_MATCH = YES;
				"CODE_SIGN_IDENTITY[sdk=iphoneos*]" = "iPhone Developer";
				COPY_PHASE_STRIP = NO;
				DEBUG_INFORMATION_FORMAT = dwarf;
				ENABLE_STRICT_OBJC_MSGSEND = YES;
				ENABLE_TESTABILITY = YES;
				GCC_C_LANGUAGE_STANDARD = gnu99;
				GCC_DYNAMIC_NO_PIC = NO;
				GCC_NO_COMMON_BLOCKS = YES;
				GCC_OPTIMIZATION_LEVEL = 0;
				GCC_PREPROCESSOR_DEFINITIONS = (
					"DEBUG=1",
					"$(inherited)",
				);
				GCC_WARN_64_TO_32_BIT_CONVERSION = YES;
				GCC_WARN_ABOUT_RETURN_TYPE = YES_ERROR;
				GCC_WARN_UNDECLARED_SELECTOR = YES;
				GCC_WARN_UNINITIALIZED_AUTOS = YES_AGGRESSIVE;
				GCC_WARN_UNUSED_FUNCTION = YES;
				GCC_WARN_UNUSED_VARIABLE = YES;
				IPHONEOS_DEPLOYMENT_TARGET = 9.2;
				MTL_ENABLE_DEBUG_INFO = YES;
				ONLY_ACTIVE_ARCH = YES;
				SDKROOT = iphoneos;
				SWIFT_OPTIMIZATION_LEVEL = "-Onone";
			};
			name = Debug;
		};
		F9C536A91C46396800C183D8 /* Release */ = {
			isa = XCBuildConfiguration;
			buildSettings = {
				ALWAYS_SEARCH_USER_PATHS = NO;
				CLANG_CXX_LANGUAGE_STANDARD = "gnu++0x";
				CLANG_CXX_LIBRARY = "libc++";
				CLANG_ENABLE_MODULES = YES;
				CLANG_ENABLE_OBJC_ARC = YES;
				CLANG_WARN_BOOL_CONVERSION = YES;
				CLANG_WARN_CONSTANT_CONVERSION = YES;
				CLANG_WARN_DIRECT_OBJC_ISA_USAGE = YES_ERROR;
				CLANG_WARN_EMPTY_BODY = YES;
				CLANG_WARN_ENUM_CONVERSION = YES;
				CLANG_WARN_INT_CONVERSION = YES;
				CLANG_WARN_OBJC_ROOT_CLASS = YES_ERROR;
				CLANG_WARN_UNREACHABLE_CODE = YES;
				CLANG_WARN__DUPLICATE_METHOD_MATCH = YES;
				"CODE_SIGN_IDENTITY[sdk=iphoneos*]" = "iPhone Developer";
				COPY_PHASE_STRIP = NO;
				DEBUG_INFORMATION_FORMAT = "dwarf-with-dsym";
				ENABLE_NS_ASSERTIONS = NO;
				ENABLE_STRICT_OBJC_MSGSEND = YES;
				GCC_C_LANGUAGE_STANDARD = gnu99;
				GCC_NO_COMMON_BLOCKS = YES;
				GCC_WARN_64_TO_32_BIT_CONVERSION = YES;
				GCC_WARN_ABOUT_RETURN_TYPE = YES_ERROR;
				GCC_WARN_UNDECLARED_SELECTOR = YES;
				GCC_WARN_UNINITIALIZED_AUTOS = YES_AGGRESSIVE;
				GCC_WARN_UNUSED_FUNCTION = YES;
				GCC_WARN_UNUSED_VARIABLE = YES;
				IPHONEOS_DEPLOYMENT_TARGET = 9.2;
				MTL_ENABLE_DEBUG_INFO = NO;
				SDKROOT = iphoneos;
				VALIDATE_PRODUCT = YES;
			};
			name = Release;
		};
		F9C536AB1C46396800C183D8 /* Debug */ = {
			isa = XCBuildConfiguration;
			buildSettings = {
				ASSETCATALOG_COMPILER_APPICON_NAME = AppIcon;
				CODE_SIGN_IDENTITY = "iPhone Developer";
				INFOPLIST_FILE = iTipJar/Info.plist;
				IPHONEOS_DEPLOYMENT_TARGET = 7.0;
				LD_RUNPATH_SEARCH_PATHS = "$(inherited) @executable_path/Frameworks";
				PRODUCT_BUNDLE_IDENTIFIER = com.cy.iTipJar;
				PRODUCT_NAME = "$(TARGET_NAME)";
			};
			name = Debug;
		};
		F9C536AC1C46396800C183D8 /* Release */ = {
			isa = XCBuildConfiguration;
			buildSettings = {
				ASSETCATALOG_COMPILER_APPICON_NAME = AppIcon;
				CODE_SIGN_IDENTITY = "iPhone Developer";
				INFOPLIST_FILE = iTipJar/Info.plist;
				IPHONEOS_DEPLOYMENT_TARGET = 7.0;
				LD_RUNPATH_SEARCH_PATHS = "$(inherited) @executable_path/Frameworks";
				PRODUCT_BUNDLE_IDENTIFIER = com.cy.iTipJar;
				PRODUCT_NAME = "$(TARGET_NAME)";
			};
			name = Release;
		};
/* End XCBuildConfiguration section */

/* Begin XCConfigurationList section */
		F9C536931C46396800C183D8 /* Build configuration list for PBXProject "iTipJar" */ = {
			isa = XCConfigurationList;
			buildConfigurations = (
				F9C536A81C46396800C183D8 /* Debug */,
				F9C536A91C46396800C183D8 /* Release */,
			);
			defaultConfigurationIsVisible = 0;
			defaultConfigurationName = Release;
		};
		F9C536AA1C46396800C183D8 /* Build configuration list for PBXNativeTarget "iTipJar" */ = {
			isa = XCConfigurationList;
			buildConfigurations = (
				F9C536AB1C46396800C183D8 /* Debug */,
				F9C536AC1C46396800C183D8 /* Release */,
			);
			defaultConfigurationIsVisible = 0;
		};
/* End XCConfigurationList section */
	};
	rootObject = F9C536901C46396800C183D8 /* Project object */;
}
